
Microsoft Visual Studio Solution File, Format Version 12.00
# Visual Studio 15
VisualStudioVersion = 15.0.27703.2035
MinimumVisualStudioVersion = 10.0.40219.1
Project("{FAE04EC0-301F-11D3-BF4B-00C04F79EFBC}") = "Soccer", "Soccer\Soccer.csproj", "{C52A483D-8032-4B5C-9848-BA03273C3597}"
EndProject
Project("{FAE04EC0-301F-11D3-BF4B-00C04F79EFBC}") = "pkgData", "pkgData\pkgData.csproj", "{4C647EF9-0036-4A8E-8747-9DFB44FB2A25}"
EndProject
Global
	GlobalSection(SolutionConfigurationPlatforms) = preSolution
		Debug|Any CPU = Debug|Any CPU
		Release|Any CPU = Release|Any CPU
	EndGlobalSection
	GlobalSection(ProjectConfigurationPlatforms) = postSolution
		{C52A483D-8032-4B5C-9848-BA03273C3597}.Debug|Any CPU.ActiveCfg = Debug|Any CPU
		{C52A483D-8032-4B5C-9848-BA03273C3597}.Debug|Any CPU.Build.0 = Debug|Any CPU
		{C52A483D-8032-4B5C-9848-BA03273C3597}.Release|Any CPU.ActiveCfg = Release|Any CPU
		{C52A483D-8032-4B5C-9848-BA03273C3597}.Release|Any CPU.Build.0 = Release|Any CPU
		{4C647EF9-0036-4A8E-8747-9DFB44FB2A25}.Debug|Any CPU.ActiveCfg = Debug|Any CPU
		{4C647EF9-0036-4A8E-8747-9DFB44FB2A25}.Debug|Any CPU.Build.0 = Debug|Any CPU
		{4C647EF9-0036-4A8E-8747-9DFB44FB2A25}.Release|Any CPU.ActiveCfg = Release|Any CPU
		{4C647EF9-0036-4A8E-8747-9DFB44FB2A25}.Release|Any CPU.Build.0 = Release|Any CPU
	EndGlobalSection
	GlobalSection(SolutionProperties) = preSolution
		HideSolutionNode = FALSE
	EndGlobalSection
	GlobalSection(ExtensibilityGlobals) = postSolution
		SolutionGuid = {605DECDB-F0BA-4E25-AC45-3076DFDA559D}
	EndGlobalSection
EndGlobal
