
Microsoft Visual Studio Solution File, Format Version 12.00
# Visual Studio 15
VisualStudioVersion = 15.0.27703.2035
MinimumVisualStudioVersion = 10.0.40219.1
Project("{FAE04EC0-301F-11D3-BF4B-00C04F79EFBC}") = "Car04", "Car01\Car04.csproj", "{1AE0F42A-D3F8-41AD-83F2-0DDD75404A10}"
EndProject
Project("{FAE04EC0-301F-11D3-BF4B-00C04F79EFBC}") = "PkgData", "PkgData\PkgData.csproj", "{DD3F46BB-5C7D-4BC0-9B75-74CDFAF969DA}"
EndProject
Project("{FAE04EC0-301F-11D3-BF4B-00C04F79EFBC}") = "PkgMISC", "PkgMISC\PkgMISC.csproj", "{CCF24880-EBFA-42D9-AA6D-950F3C539ADD}"
EndProject
Global
	GlobalSection(SolutionConfigurationPlatforms) = preSolution
		Debug|Any CPU = Debug|Any CPU
		Release|Any CPU = Release|Any CPU
	EndGlobalSection
	GlobalSection(ProjectConfigurationPlatforms) = postSolution
		{1AE0F42A-D3F8-41AD-83F2-0DDD75404A10}.Debug|Any CPU.ActiveCfg = Debug|Any CPU
		{1AE0F42A-D3F8-41AD-83F2-0DDD75404A10}.Debug|Any CPU.Build.0 = Debug|Any CPU
		{1AE0F42A-D3F8-41AD-83F2-0DDD75404A10}.Release|Any CPU.ActiveCfg = Release|Any CPU
		{1AE0F42A-D3F8-41AD-83F2-0DDD75404A10}.Release|Any CPU.Build.0 = Release|Any CPU
		{DD3F46BB-5C7D-4BC0-9B75-74CDFAF969DA}.Debug|Any CPU.ActiveCfg = Debug|Any CPU
		{DD3F46BB-5C7D-4BC0-9B75-74CDFAF969DA}.Debug|Any CPU.Build.0 = Debug|Any CPU
		{DD3F46BB-5C7D-4BC0-9B75-74CDFAF969DA}.Release|Any CPU.ActiveCfg = Release|Any CPU
		{DD3F46BB-5C7D-4BC0-9B75-74CDFAF969DA}.Release|Any CPU.Build.0 = Release|Any CPU
		{CCF24880-EBFA-42D9-AA6D-950F3C539ADD}.Debug|Any CPU.ActiveCfg = Debug|Any CPU
		{CCF24880-EBFA-42D9-AA6D-950F3C539ADD}.Debug|Any CPU.Build.0 = Debug|Any CPU
		{CCF24880-EBFA-42D9-AA6D-950F3C539ADD}.Release|Any CPU.ActiveCfg = Release|Any CPU
		{CCF24880-EBFA-42D9-AA6D-950F3C539ADD}.Release|Any CPU.Build.0 = Release|Any CPU
	EndGlobalSection
	GlobalSection(SolutionProperties) = preSolution
		HideSolutionNode = FALSE
	EndGlobalSection
	GlobalSection(ExtensibilityGlobals) = postSolution
		SolutionGuid = {3FB8175D-0384-4276-82B5-66C799CE5C30}
	EndGlobalSection
EndGlobal
