
Microsoft Visual Studio Solution File, Format Version 12.00
# Visual Studio 15
VisualStudioVersion = 15.0.27703.2035
MinimumVisualStudioVersion = 10.0.40219.1
Project("{FAE04EC0-301F-11D3-BF4B-00C04F79EFBC}") = "Mushrooms", "Mushrooms\Mushrooms.csproj", "{43E9CEDE-BD3C-4E4E-95AD-7358EA0CC085}"
EndProject
Project("{FAE04EC0-301F-11D3-BF4B-00C04F79EFBC}") = "pkgDatabase", "pkgDatabase\pkgDatabase.csproj", "{7A208843-FDB1-47ED-BCDD-55FAAB0CA403}"
EndProject
Project("{FAE04EC0-301F-11D3-BF4B-00C04F79EFBC}") = "WpfDiscovery", "WpfDiscovery\WpfDiscovery.csproj", "{313F1C24-ABC3-48C0-BE17-916FD97D5760}"
EndProject
Global
	GlobalSection(SolutionConfigurationPlatforms) = preSolution
		Debug|Any CPU = Debug|Any CPU
		Release|Any CPU = Release|Any CPU
	EndGlobalSection
	GlobalSection(ProjectConfigurationPlatforms) = postSolution
		{43E9CEDE-BD3C-4E4E-95AD-7358EA0CC085}.Debug|Any CPU.ActiveCfg = Debug|Any CPU
		{43E9CEDE-BD3C-4E4E-95AD-7358EA0CC085}.Debug|Any CPU.Build.0 = Debug|Any CPU
		{43E9CEDE-BD3C-4E4E-95AD-7358EA0CC085}.Release|Any CPU.ActiveCfg = Release|Any CPU
		{43E9CEDE-BD3C-4E4E-95AD-7358EA0CC085}.Release|Any CPU.Build.0 = Release|Any CPU
		{7A208843-FDB1-47ED-BCDD-55FAAB0CA403}.Debug|Any CPU.ActiveCfg = Debug|Any CPU
		{7A208843-FDB1-47ED-BCDD-55FAAB0CA403}.Debug|Any CPU.Build.0 = Debug|Any CPU
		{7A208843-FDB1-47ED-BCDD-55FAAB0CA403}.Release|Any CPU.ActiveCfg = Release|Any CPU
		{7A208843-FDB1-47ED-BCDD-55FAAB0CA403}.Release|Any CPU.Build.0 = Release|Any CPU
		{313F1C24-ABC3-48C0-BE17-916FD97D5760}.Debug|Any CPU.ActiveCfg = Debug|Any CPU
		{313F1C24-ABC3-48C0-BE17-916FD97D5760}.Debug|Any CPU.Build.0 = Debug|Any CPU
		{313F1C24-ABC3-48C0-BE17-916FD97D5760}.Release|Any CPU.ActiveCfg = Release|Any CPU
		{313F1C24-ABC3-48C0-BE17-916FD97D5760}.Release|Any CPU.Build.0 = Release|Any CPU
	EndGlobalSection
	GlobalSection(SolutionProperties) = preSolution
		HideSolutionNode = FALSE
	EndGlobalSection
	GlobalSection(ExtensibilityGlobals) = postSolution
		SolutionGuid = {C863C684-64A6-4124-9DA9-8897006A1903}
	EndGlobalSection
EndGlobal
