
Microsoft Visual Studio Solution File, Format Version 12.00
# Visual Studio 15
VisualStudioVersion = 15.0.27703.2035
MinimumVisualStudioVersion = 10.0.40219.1
Project("{FAE04EC0-301F-11D3-BF4B-00C04F79EFBC}") = "Car01_Tomassetti", "Car01_Tomassetti\Car01_Tomassetti.csproj", "{2D16F6EB-4D17-4537-96B8-391394DA6F74}"
EndProject
Global
	GlobalSection(SolutionConfigurationPlatforms) = preSolution
		Debug|Any CPU = Debug|Any CPU
		Release|Any CPU = Release|Any CPU
	EndGlobalSection
	GlobalSection(ProjectConfigurationPlatforms) = postSolution
		{2D16F6EB-4D17-4537-96B8-391394DA6F74}.Debug|Any CPU.ActiveCfg = Debug|Any CPU
		{2D16F6EB-4D17-4537-96B8-391394DA6F74}.Debug|Any CPU.Build.0 = Debug|Any CPU
		{2D16F6EB-4D17-4537-96B8-391394DA6F74}.Release|Any CPU.ActiveCfg = Release|Any CPU
		{2D16F6EB-4D17-4537-96B8-391394DA6F74}.Release|Any CPU.Build.0 = Release|Any CPU
	EndGlobalSection
	GlobalSection(SolutionProperties) = preSolution
		HideSolutionNode = FALSE
	EndGlobalSection
	GlobalSection(ExtensibilityGlobals) = postSolution
		SolutionGuid = {05B31499-BAA8-495D-B6BF-2B2BDA7DB639}
	EndGlobalSection
EndGlobal
